// !$*UTF8*$!
{
	archiveVersion = 1;
	classes = {
	};
	objectVersion = 46;
	objects = {

/* Begin PBXBuildFile section */
		1F29476C1DED833F00A4BBB5 /* AppDelegate.swift in Sources */ = {isa = PBXBuildFile; fileRef = 1F29476B1DED833F00A4BBB5 /* AppDelegate.swift */; };
		1F2947711DED833F00A4BBB5 /* Main.storyboard in Resources */ = {isa = PBXBuildFile; fileRef = 1F29476F1DED833F00A4BBB5 /* Main.storyboard */; };
		1F2947731DED833F00A4BBB5 /* Assets.xcassets in Resources */ = {isa = PBXBuildFile; fileRef = 1F2947721DED833F00A4BBB5 /* Assets.xcassets */; };
		1F2947761DED833F00A4BBB5 /* LaunchScreen.storyboard in Resources */ = {isa = PBXBuildFile; fileRef = 1F2947741DED833F00A4BBB5 /* LaunchScreen.storyboard */; };
		1F2947811DED833F00A4BBB5 /* DYTests.swift in Sources */ = {isa = PBXBuildFile; fileRef = 1F2947801DED833F00A4BBB5 /* DYTests.swift */; };
		1F2947941DEE7CAD00A4BBB5 /* Home.storyboard in Resources */ = {isa = PBXBuildFile; fileRef = 1F2947921DEE7CAD00A4BBB5 /* Home.storyboard */; };
		1F2947991DEE7CF100A4BBB5 /* Follow.storyboard in Resources */ = {isa = PBXBuildFile; fileRef = 1F2947971DEE7CF100A4BBB5 /* Follow.storyboard */; };
		1F2947A01DEE929700A4BBB5 /* Live.storyboard in Resources */ = {isa = PBXBuildFile; fileRef = 1F29479E1DEE929700A4BBB5 /* Live.storyboard */; };
		1F2947A31DEE929F00A4BBB5 /* Profile.storyboard in Resources */ = {isa = PBXBuildFile; fileRef = 1F2947A11DEE929F00A4BBB5 /* Profile.storyboard */; };
		1F2947AD1DEE96ED00A4BBB5 /* MainTabBarViewController.swift in Sources */ = {isa = PBXBuildFile; fileRef = 1F2947AA1DEE96ED00A4BBB5 /* MainTabBarViewController.swift */; };
		1F2947B21DEE98B200A4BBB5 /* HomeViewController.swift in Sources */ = {isa = PBXBuildFile; fileRef = 1F2947B11DEE98B200A4BBB5 /* HomeViewController.swift */; };
		1F2947BA1DEEA33000A4BBB5 /* UIBarButtonItem-Extension.swift in Sources */ = {isa = PBXBuildFile; fileRef = 1F2947B91DEEA33000A4BBB5 /* UIBarButtonItem-Extension.swift */; };
		1F2947BC1DEEBCD600A4BBB5 /* PageTitleView.swift in Sources */ = {isa = PBXBuildFile; fileRef = 1F2947BB1DEEBCD600A4BBB5 /* PageTitleView.swift */; };
		1F2947BE1DEEC10300A4BBB5 /* Common.swift in Sources */ = {isa = PBXBuildFile; fileRef = 1F2947BD1DEEC10300A4BBB5 /* Common.swift */; };
		1F2947C01DEECB1E00A4BBB5 /* PageContentView.swift in Sources */ = {isa = PBXBuildFile; fileRef = 1F2947BF1DEECB1E00A4BBB5 /* PageContentView.swift */; };
		1F2947C21DEECF8900A4BBB5 /* UIColor-Extension.swift in Sources */ = {isa = PBXBuildFile; fileRef = 1F2947C11DEECF8900A4BBB5 /* UIColor-Extension.swift */; };
		1F2947C41DF011C500A4BBB5 /* RecommendViewController.swift in Sources */ = {isa = PBXBuildFile; fileRef = 1F2947C31DF011C500A4BBB5 /* RecommendViewController.swift */; };
		1F2947C71DF0191F00A4BBB5 /* CollectionNormalCell.swift in Sources */ = {isa = PBXBuildFile; fileRef = 1F2947C51DF0191F00A4BBB5 /* CollectionNormalCell.swift */; };
		1F2947C81DF0191F00A4BBB5 /* CollectionNormalCell.xib in Resources */ = {isa = PBXBuildFile; fileRef = 1F2947C61DF0191F00A4BBB5 /* CollectionNormalCell.xib */; };
		1F2947CB1DF0193B00A4BBB5 /* CollectionPrettyCell.swift in Sources */ = {isa = PBXBuildFile; fileRef = 1F2947C91DF0193B00A4BBB5 /* CollectionPrettyCell.swift */; };
		1F2947CC1DF0193B00A4BBB5 /* CollectionPrettyCell.xib in Resources */ = {isa = PBXBuildFile; fileRef = 1F2947CA1DF0193B00A4BBB5 /* CollectionPrettyCell.xib */; };
		1F2947CF1DF021AA00A4BBB5 /* CollectionHeaderView.swift in Sources */ = {isa = PBXBuildFile; fileRef = 1F2947CD1DF021AA00A4BBB5 /* CollectionHeaderView.swift */; };
		1F2947D01DF021AA00A4BBB5 /* CollectionHeaderView.xib in Resources */ = {isa = PBXBuildFile; fileRef = 1F2947CE1DF021AA00A4BBB5 /* CollectionHeaderView.xib */; };
		1F98502F1DF11007009595B3 /* NetworkTools.swift in Sources */ = {isa = PBXBuildFile; fileRef = 1F98502E1DF11007009595B3 /* NetworkTools.swift */; };
		1F98503A1DF11824009595B3 /* RecommendViewModel.swift in Sources */ = {isa = PBXBuildFile; fileRef = 1F9850391DF11824009595B3 /* RecommendViewModel.swift */; };
		1F98503C1DF126D0009595B3 /* NSDate-Extension.swift in Sources */ = {isa = PBXBuildFile; fileRef = 1F98503B1DF126D0009595B3 /* NSDate-Extension.swift */; };
		1F98503F1DF13D31009595B3 /* AnchorGroup.swift in Sources */ = {isa = PBXBuildFile; fileRef = 1F98503E1DF13D31009595B3 /* AnchorGroup.swift */; };
		1F9850411DF13F5C009595B3 /* AnchorModel.swift in Sources */ = {isa = PBXBuildFile; fileRef = 1F9850401DF13F5C009595B3 /* AnchorModel.swift */; };
		5FB6E2B8301E513967DA4781 /* Pods_DY.framework in Frameworks */ = {isa = PBXBuildFile; fileRef = ACF7ED12D9B79ADEC18CEC3C /* Pods_DY.framework */; };
/* End PBXBuildFile section */

/* Begin PBXContainerItemProxy section */
		1F29477D1DED833F00A4BBB5 /* PBXContainerItemProxy */ = {
			isa = PBXContainerItemProxy;
			containerPortal = 1F2947601DED833F00A4BBB5 /* Project object */;
			proxyType = 1;
			remoteGlobalIDString = 1F2947671DED833F00A4BBB5;
			remoteInfo = DY;
		};
/* End PBXContainerItemProxy section */

/* Begin PBXFileReference section */
		1F2947681DED833F00A4BBB5 /* DY.app */ = {isa = PBXFileReference; explicitFileType = wrapper.application; includeInIndex = 0; path = DY.app; sourceTree = BUILT_PRODUCTS_DIR; };
		1F29476B1DED833F00A4BBB5 /* AppDelegate.swift */ = {isa = PBXFileReference; lastKnownFileType = sourcecode.swift; name = AppDelegate.swift; path = ../AppDelegate.swift; sourceTree = "<group>"; };
		1F2947701DED833F00A4BBB5 /* Base */ = {isa = PBXFileReference; lastKnownFileType = file.storyboard; name = Base; path = Base.lproj/Main.storyboard; sourceTree = "<group>"; };
		1F2947721DED833F00A4BBB5 /* Assets.xcassets */ = {isa = PBXFileReference; lastKnownFileType = folder.assetcatalog; path = Assets.xcassets; sourceTree = "<group>"; };
		1F2947751DED833F00A4BBB5 /* Base */ = {isa = PBXFileReference; lastKnownFileType = file.storyboard; name = Base; path = Base.lproj/LaunchScreen.storyboard; sourceTree = "<group>"; };
		1F2947771DED833F00A4BBB5 /* Info.plist */ = {isa = PBXFileReference; lastKnownFileType = text.plist.xml; path = Info.plist; sourceTree = "<group>"; };
		1F29477C1DED833F00A4BBB5 /* DYTests.xctest */ = {isa = PBXFileReference; explicitFileType = wrapper.cfbundle; includeInIndex = 0; path = DYTests.xctest; sourceTree = BUILT_PRODUCTS_DIR; };
		1F2947801DED833F00A4BBB5 /* DYTests.swift */ = {isa = PBXFileReference; lastKnownFileType = sourcecode.swift; path = DYTests.swift; sourceTree = "<group>"; };
		1F2947821DED833F00A4BBB5 /* Info.plist */ = {isa = PBXFileReference; lastKnownFileType = text.plist.xml; path = Info.plist; sourceTree = "<group>"; };
		1F2947931DEE7CAD00A4BBB5 /* Base */ = {isa = PBXFileReference; lastKnownFileType = file.storyboard; name = Base; path = DY/Base.lproj/Home.storyboard; sourceTree = SOURCE_ROOT; };
		1F2947981DEE7CF100A4BBB5 /* Base */ = {isa = PBXFileReference; lastKnownFileType = file.storyboard; name = Base; path = DY/Base.lproj/Follow.storyboard; sourceTree = SOURCE_ROOT; };
		1F29479F1DEE929700A4BBB5 /* Base */ = {isa = PBXFileReference; lastKnownFileType = file.storyboard; name = Base; path = DY/Base.lproj/Live.storyboard; sourceTree = SOURCE_ROOT; };
		1F2947A21DEE929F00A4BBB5 /* Base */ = {isa = PBXFileReference; lastKnownFileType = file.storyboard; name = Base; path = DY/Base.lproj/Profile.storyboard; sourceTree = SOURCE_ROOT; };
		1F2947AA1DEE96ED00A4BBB5 /* MainTabBarViewController.swift */ = {isa = PBXFileReference; fileEncoding = 4; lastKnownFileType = sourcecode.swift; path = MainTabBarViewController.swift; sourceTree = "<group>"; };
		1F2947B11DEE98B200A4BBB5 /* HomeViewController.swift */ = {isa = PBXFileReference; fileEncoding = 4; lastKnownFileType = sourcecode.swift; path = HomeViewController.swift; sourceTree = "<group>"; };
		1F2947B91DEEA33000A4BBB5 /* UIBarButtonItem-Extension.swift */ = {isa = PBXFileReference; fileEncoding = 4; lastKnownFileType = sourcecode.swift; path = "UIBarButtonItem-Extension.swift"; sourceTree = "<group>"; };
		1F2947BB1DEEBCD600A4BBB5 /* PageTitleView.swift */ = {isa = PBXFileReference; fileEncoding = 4; lastKnownFileType = sourcecode.swift; path = PageTitleView.swift; sourceTree = "<group>"; };
		1F2947BD1DEEC10300A4BBB5 /* Common.swift */ = {isa = PBXFileReference; fileEncoding = 4; lastKnownFileType = sourcecode.swift; path = Common.swift; sourceTree = "<group>"; };
		1F2947BF1DEECB1E00A4BBB5 /* PageContentView.swift */ = {isa = PBXFileReference; fileEncoding = 4; lastKnownFileType = sourcecode.swift; path = PageContentView.swift; sourceTree = "<group>"; };
		1F2947C11DEECF8900A4BBB5 /* UIColor-Extension.swift */ = {isa = PBXFileReference; fileEncoding = 4; lastKnownFileType = sourcecode.swift; path = "UIColor-Extension.swift"; sourceTree = "<group>"; };
		1F2947C31DF011C500A4BBB5 /* RecommendViewController.swift */ = {isa = PBXFileReference; fileEncoding = 4; lastKnownFileType = sourcecode.swift; path = RecommendViewController.swift; sourceTree = "<group>"; };
		1F2947C51DF0191F00A4BBB5 /* CollectionNormalCell.swift */ = {isa = PBXFileReference; fileEncoding = 4; lastKnownFileType = sourcecode.swift; path = CollectionNormalCell.swift; sourceTree = "<group>"; };
		1F2947C61DF0191F00A4BBB5 /* CollectionNormalCell.xib */ = {isa = PBXFileReference; fileEncoding = 4; lastKnownFileType = file.xib; path = CollectionNormalCell.xib; sourceTree = "<group>"; };
		1F2947C91DF0193B00A4BBB5 /* CollectionPrettyCell.swift */ = {isa = PBXFileReference; fileEncoding = 4; lastKnownFileType = sourcecode.swift; path = CollectionPrettyCell.swift; sourceTree = "<group>"; };
		1F2947CA1DF0193B00A4BBB5 /* CollectionPrettyCell.xib */ = {isa = PBXFileReference; fileEncoding = 4; lastKnownFileType = file.xib; path = CollectionPrettyCell.xib; sourceTree = "<group>"; };
		1F2947CD1DF021AA00A4BBB5 /* CollectionHeaderView.swift */ = {isa = PBXFileReference; fileEncoding = 4; lastKnownFileType = sourcecode.swift; path = CollectionHeaderView.swift; sourceTree = "<group>"; };
		1F2947CE1DF021AA00A4BBB5 /* CollectionHeaderView.xib */ = {isa = PBXFileReference; fileEncoding = 4; lastKnownFileType = file.xib; path = CollectionHeaderView.xib; sourceTree = "<group>"; };
		1F98502E1DF11007009595B3 /* NetworkTools.swift */ = {isa = PBXFileReference; fileEncoding = 4; lastKnownFileType = sourcecode.swift; path = NetworkTools.swift; sourceTree = "<group>"; };
		1F9850391DF11824009595B3 /* RecommendViewModel.swift */ = {isa = PBXFileReference; fileEncoding = 4; lastKnownFileType = sourcecode.swift; path = RecommendViewModel.swift; sourceTree = "<group>"; };
		1F98503B1DF126D0009595B3 /* NSDate-Extension.swift */ = {isa = PBXFileReference; fileEncoding = 4; lastKnownFileType = sourcecode.swift; path = "NSDate-Extension.swift"; sourceTree = "<group>"; };
		1F98503E1DF13D31009595B3 /* AnchorGroup.swift */ = {isa = PBXFileReference; fileEncoding = 4; lastKnownFileType = sourcecode.swift; path = AnchorGroup.swift; sourceTree = "<group>"; };
		1F9850401DF13F5C009595B3 /* AnchorModel.swift */ = {isa = PBXFileReference; fileEncoding = 4; lastKnownFileType = sourcecode.swift; path = AnchorModel.swift; sourceTree = "<group>"; };
		9DDAE184DDAA6AAC690BC793 /* Pods-DY.debug.xcconfig */ = {isa = PBXFileReference; includeInIndex = 1; lastKnownFileType = text.xcconfig; name = "Pods-DY.debug.xcconfig"; path = "Pods/Target Support Files/Pods-DY/Pods-DY.debug.xcconfig"; sourceTree = "<group>"; };
		ACF7ED12D9B79ADEC18CEC3C /* Pods_DY.framework */ = {isa = PBXFileReference; explicitFileType = wrapper.framework; includeInIndex = 0; path = Pods_DY.framework; sourceTree = BUILT_PRODUCTS_DIR; };
		DEBC8B3F37AC5FFFAEDFA696 /* Pods-DY.release.xcconfig */ = {isa = PBXFileReference; includeInIndex = 1; lastKnownFileType = text.xcconfig; name = "Pods-DY.release.xcconfig"; path = "Pods/Target Support Files/Pods-DY/Pods-DY.release.xcconfig"; sourceTree = "<group>"; };
/* End PBXFileReference section */

/* Begin PBXFrameworksBuildPhase section */
		1F2947651DED833F00A4BBB5 /* Frameworks */ = {
			isa = PBXFrameworksBuildPhase;
			buildActionMask = 2147483647;
			files = (
				5FB6E2B8301E513967DA4781 /* Pods_DY.framework in Frameworks */,
			);
			runOnlyForDeploymentPostprocessing = 0;
		};
		1F2947791DED833F00A4BBB5 /* Frameworks */ = {
			isa = PBXFrameworksBuildPhase;
			buildActionMask = 2147483647;
			files = (
			);
			runOnlyForDeploymentPostprocessing = 0;
		};
/* End PBXFrameworksBuildPhase section */

/* Begin PBXGroup section */
		1F29475F1DED833F00A4BBB5 = {
			isa = PBXGroup;
			children = (
				1F29476A1DED833F00A4BBB5 /* DY */,
				1F29477F1DED833F00A4BBB5 /* DYTests */,
				1F2947691DED833F00A4BBB5 /* Products */,
				823DF41D46FB724ECC603922 /* Pods */,
				4DBE3F8C1089769609C9B718 /* Frameworks */,
			);
			sourceTree = "<group>";
		};
		1F2947691DED833F00A4BBB5 /* Products */ = {
			isa = PBXGroup;
			children = (
				1F2947681DED833F00A4BBB5 /* DY.app */,
				1F29477C1DED833F00A4BBB5 /* DYTests.xctest */,
			);
			name = Products;
			sourceTree = "<group>";
		};
		1F29476A1DED833F00A4BBB5 /* DY */ = {
			isa = PBXGroup;
			children = (
				1F29478B1DEE685100A4BBB5 /* Classes */,
				1F2947721DED833F00A4BBB5 /* Assets.xcassets */,
				1F2947741DED833F00A4BBB5 /* LaunchScreen.storyboard */,
				1F2947771DED833F00A4BBB5 /* Info.plist */,
			);
			path = DY;
			sourceTree = "<group>";
		};
		1F29477F1DED833F00A4BBB5 /* DYTests */ = {
			isa = PBXGroup;
			children = (
				1F2947801DED833F00A4BBB5 /* DYTests.swift */,
				1F2947821DED833F00A4BBB5 /* Info.plist */,
			);
			path = DYTests;
			sourceTree = "<group>";
		};
		1F29478B1DEE685100A4BBB5 /* Classes */ = {
			isa = PBXGroup;
			children = (
				1F29478F1DEE685100A4BBB5 /* Main */,
				1F2947A81DEE94F900A4BBB5 /* Home */,
				1F2947A51DEE94DB00A4BBB5 /* Live */,
				1F2947A41DEE94DB00A4BBB5 /* Follow */,
				1F2947B41DEE9EC300A4BBB5 /* Profile */,
				1F2947B51DEE9ED200A4BBB5 /* Tools */,
				1F29476B1DED833F00A4BBB5 /* AppDelegate.swift */,
			);
			path = Classes;
			sourceTree = "<group>";
		};
		1F29478F1DEE685100A4BBB5 /* Main */ = {
			isa = PBXGroup;
			children = (
				1F98503D1DF13D01009595B3 /* Model */,
				1F2947AC1DEE96ED00A4BBB5 /* View */,
				1F2947A91DEE96ED00A4BBB5 /* Controller */,
			);
			path = Main;
			sourceTree = "<group>";
		};
		1F2947A41DEE94DB00A4BBB5 /* Follow */ = {
			isa = PBXGroup;
			children = (
				1F2947971DEE7CF100A4BBB5 /* Follow.storyboard */,
			);
			name = Follow;
			path = Main/Follow;
			sourceTree = "<group>";
		};
		1F2947A51DEE94DB00A4BBB5 /* Live */ = {
			isa = PBXGroup;
			children = (
				1F29479E1DEE929700A4BBB5 /* Live.storyboard */,
			);
			name = Live;
			path = Main/Live;
			sourceTree = "<group>";
		};
		1F2947A81DEE94F900A4BBB5 /* Home */ = {
			isa = PBXGroup;
			children = (
				1F9850381DF117EE009595B3 /* ViewModel */,
				1F2947AF1DEE96F500A4BBB5 /* Model */,
				1F2947B01DEE96F500A4BBB5 /* View */,
				1F2947AE1DEE96F500A4BBB5 /* Controller */,
			);
			path = Home;
			sourceTree = "<group>";
		};
		1F2947A91DEE96ED00A4BBB5 /* Controller */ = {
			isa = PBXGroup;
			children = (
				1F29476F1DED833F00A4BBB5 /* Main.storyboard */,
				1F2947AA1DEE96ED00A4BBB5 /* MainTabBarViewController.swift */,
			);
			path = Controller;
			sourceTree = "<group>";
		};
		1F2947AC1DEE96ED00A4BBB5 /* View */ = {
			isa = PBXGroup;
			children = (
				1F2947BB1DEEBCD600A4BBB5 /* PageTitleView.swift */,
				1F2947BF1DEECB1E00A4BBB5 /* PageContentView.swift */,
				1F2947C51DF0191F00A4BBB5 /* CollectionNormalCell.swift */,
				1F2947C61DF0191F00A4BBB5 /* CollectionNormalCell.xib */,
				1F2947C91DF0193B00A4BBB5 /* CollectionPrettyCell.swift */,
				1F2947CA1DF0193B00A4BBB5 /* CollectionPrettyCell.xib */,
			);
			path = View;
			sourceTree = "<group>";
		};
		1F2947AE1DEE96F500A4BBB5 /* Controller */ = {
			isa = PBXGroup;
			children = (
				1F2947921DEE7CAD00A4BBB5 /* Home.storyboard */,
				1F2947B11DEE98B200A4BBB5 /* HomeViewController.swift */,
				1F2947C31DF011C500A4BBB5 /* RecommendViewController.swift */,
			);
			path = Controller;
			sourceTree = "<group>";
		};
		1F2947AF1DEE96F500A4BBB5 /* Model */ = {
			isa = PBXGroup;
			children = (
			);
			path = Model;
			sourceTree = "<group>";
		};
		1F2947B01DEE96F500A4BBB5 /* View */ = {
			isa = PBXGroup;
			children = (
				1F2947CD1DF021AA00A4BBB5 /* CollectionHeaderView.swift */,
				1F2947CE1DF021AA00A4BBB5 /* CollectionHeaderView.xib */,
			);
			path = View;
			sourceTree = "<group>";
		};
		1F2947B41DEE9EC300A4BBB5 /* Profile */ = {
			isa = PBXGroup;
			children = (
				1F2947A11DEE929F00A4BBB5 /* Profile.storyboard */,
			);
			path = Profile;
			sourceTree = "<group>";
		};
		1F2947B51DEE9ED200A4BBB5 /* Tools */ = {
			isa = PBXGroup;
			children = (
				1F2947B81DEEA2FC00A4BBB5 /* Extension */,
				1F2947BD1DEEC10300A4BBB5 /* Common.swift */,
				1F98502E1DF11007009595B3 /* NetworkTools.swift */,
			);
			path = Tools;
			sourceTree = "<group>";
		};
		1F2947B81DEEA2FC00A4BBB5 /* Extension */ = {
			isa = PBXGroup;
			children = (
				1F2947B91DEEA33000A4BBB5 /* UIBarButtonItem-Extension.swift */,
				1F2947C11DEECF8900A4BBB5 /* UIColor-Extension.swift */,
				1F98503B1DF126D0009595B3 /* NSDate-Extension.swift */,
			);
			name = Extension;
			path = Extention;
			sourceTree = "<group>";
		};
		1F9850381DF117EE009595B3 /* ViewModel */ = {
			isa = PBXGroup;
			children = (
				1F9850391DF11824009595B3 /* RecommendViewModel.swift */,
			);
			path = ViewModel;
			sourceTree = "<group>";
		};
		1F98503D1DF13D01009595B3 /* Model */ = {
			isa = PBXGroup;
			children = (
				1F98503E1DF13D31009595B3 /* AnchorGroup.swift */,
				1F9850401DF13F5C009595B3 /* AnchorModel.swift */,
			);
			path = Model;
			sourceTree = "<group>";
		};
		4DBE3F8C1089769609C9B718 /* Frameworks */ = {
			isa = PBXGroup;
			children = (
				ACF7ED12D9B79ADEC18CEC3C /* Pods_DY.framework */,
			);
			name = Frameworks;
			sourceTree = "<group>";
		};
		823DF41D46FB724ECC603922 /* Pods */ = {
			isa = PBXGroup;
			children = (
				9DDAE184DDAA6AAC690BC793 /* Pods-DY.debug.xcconfig */,
				DEBC8B3F37AC5FFFAEDFA696 /* Pods-DY.release.xcconfig */,
			);
			name = Pods;
			sourceTree = "<group>";
		};
/* End PBXGroup section */

/* Begin PBXNativeTarget section */
		1F2947671DED833F00A4BBB5 /* DY */ = {
			isa = PBXNativeTarget;
			buildConfigurationList = 1F2947851DED833F00A4BBB5 /* Build configuration list for PBXNativeTarget "DY" */;
			buildPhases = (
				CDD2C18F74895A21C10651DF /* [CP] Check Pods Manifest.lock */,
				1F2947641DED833F00A4BBB5 /* Sources */,
				1F2947651DED833F00A4BBB5 /* Frameworks */,
				1F2947661DED833F00A4BBB5 /* Resources */,
				5789F791626C6B81860ECF63 /* [CP] Embed Pods Frameworks */,
				D333CC967653BF7981B4D82C /* [CP] Copy Pods Resources */,
			);
			buildRules = (
			);
			dependencies = (
			);
			name = DY;
			productName = DY;
			productReference = 1F2947681DED833F00A4BBB5 /* DY.app */;
			productType = "com.apple.product-type.application";
		};
		1F29477B1DED833F00A4BBB5 /* DYTests */ = {
			isa = PBXNativeTarget;
			buildConfigurationList = 1F2947881DED833F00A4BBB5 /* Build configuration list for PBXNativeTarget "DYTests" */;
			buildPhases = (
				1F2947781DED833F00A4BBB5 /* Sources */,
				1F2947791DED833F00A4BBB5 /* Frameworks */,
				1F29477A1DED833F00A4BBB5 /* Resources */,
			);
			buildRules = (
			);
			dependencies = (
				1F29477E1DED833F00A4BBB5 /* PBXTargetDependency */,
			);
			name = DYTests;
			productName = DYTests;
			productReference = 1F29477C1DED833F00A4BBB5 /* DYTests.xctest */;
			productType = "com.apple.product-type.bundle.unit-test";
		};
/* End PBXNativeTarget section */

/* Begin PBXProject section */
		1F2947601DED833F00A4BBB5 /* Project object */ = {
			isa = PBXProject;
			attributes = {
				LastSwiftUpdateCheck = 0810;
				LastUpgradeCheck = 0810;
				ORGANIZATIONNAME = zhang;
				TargetAttributes = {
					1F2947671DED833F00A4BBB5 = {
						CreatedOnToolsVersion = 8.1;
						ProvisioningStyle = Manual;
					};
					1F29477B1DED833F00A4BBB5 = {
						CreatedOnToolsVersion = 8.1;
						ProvisioningStyle = Automatic;
						TestTargetID = 1F2947671DED833F00A4BBB5;
					};
				};
			};
			buildConfigurationList = 1F2947631DED833F00A4BBB5 /* Build configuration list for PBXProject "DY" */;
			compatibilityVersion = "Xcode 3.2";
			developmentRegion = English;
			hasScannedForEncodings = 0;
			knownRegions = (
				en,
				Base,
			);
			mainGroup = 1F29475F1DED833F00A4BBB5;
			productRefGroup = 1F2947691DED833F00A4BBB5 /* Products */;
			projectDirPath = "";
			projectRoot = "";
			targets = (
				1F2947671DED833F00A4BBB5 /* DY */,
				1F29477B1DED833F00A4BBB5 /* DYTests */,
			);
		};
/* End PBXProject section */

/* Begin PBXResourcesBuildPhase section */
		1F2947661DED833F00A4BBB5 /* Resources */ = {
			isa = PBXResourcesBuildPhase;
			buildActionMask = 2147483647;
			files = (
				1F2947761DED833F00A4BBB5 /* LaunchScreen.storyboard in Resources */,
				1F2947731DED833F00A4BBB5 /* Assets.xcassets in Resources */,
				1F2947A01DEE929700A4BBB5 /* Live.storyboard in Resources */,
				1F2947D01DF021AA00A4BBB5 /* CollectionHeaderView.xib in Resources */,
				1F2947711DED833F00A4BBB5 /* Main.storyboard in Resources */,
				1F2947941DEE7CAD00A4BBB5 /* Home.storyboard in Resources */,
				1F2947A31DEE929F00A4BBB5 /* Profile.storyboard in Resources */,
				1F2947C81DF0191F00A4BBB5 /* CollectionNormalCell.xib in Resources */,
				1F2947CC1DF0193B00A4BBB5 /* CollectionPrettyCell.xib in Resources */,
				1F2947991DEE7CF100A4BBB5 /* Follow.storyboard in Resources */,
			);
			runOnlyForDeploymentPostprocessing = 0;
		};
		1F29477A1DED833F00A4BBB5 /* Resources */ = {
			isa = PBXResourcesBuildPhase;
			buildActionMask = 2147483647;
			files = (
			);
			runOnlyForDeploymentPostprocessing = 0;
		};
/* End PBXResourcesBuildPhase section */

/* Begin PBXShellScriptBuildPhase section */
		5789F791626C6B81860ECF63 /* [CP] Embed Pods Frameworks */ = {
			isa = PBXShellScriptBuildPhase;
			buildActionMask = 2147483647;
			files = (
			);
			inputPaths = (
			);
			name = "[CP] Embed Pods Frameworks";
			outputPaths = (
			);
			runOnlyForDeploymentPostprocessing = 0;
			shellPath = /bin/sh;
			shellScript = "\"${SRCROOT}/Pods/Target Support Files/Pods-DY/Pods-DY-frameworks.sh\"\n";
			showEnvVarsInLog = 0;
		};
		CDD2C18F74895A21C10651DF /* [CP] Check Pods Manifest.lock */ = {
			isa = PBXShellScriptBuildPhase;
			buildActionMask = 2147483647;
			files = (
			);
			inputPaths = (
			);
			name = "[CP] Check Pods Manifest.lock";
			outputPaths = (
			);
			runOnlyForDeploymentPostprocessing = 0;
			shellPath = /bin/sh;
			shellScript = "diff \"${PODS_ROOT}/../Podfile.lock\" \"${PODS_ROOT}/Manifest.lock\" > /dev/null\nif [ $? != 0 ] ; then\n    # print error to STDERR\n    echo \"error: The sandbox is not in sync with the Podfile.lock. Run 'pod install' or update your CocoaPods installation.\" >&2\n    exit 1\nfi\n";
			showEnvVarsInLog = 0;
		};
		D333CC967653BF7981B4D82C /* [CP] Copy Pods Resources */ = {
			isa = PBXShellScriptBuildPhase;
			buildActionMask = 2147483647;
			files = (
			);
			inputPaths = (
			);
			name = "[CP] Copy Pods Resources";
			outputPaths = (
			);
			runOnlyForDeploymentPostprocessing = 0;
			shellPath = /bin/sh;
			shellScript = "\"${SRCROOT}/Pods/Target Support Files/Pods-DY/Pods-DY-resources.sh\"\n";
			showEnvVarsInLog = 0;
		};
/* End PBXShellScriptBuildPhase section */

/* Begin PBXSourcesBuildPhase section */
		1F2947641DED833F00A4BBB5 /* Sources */ = {
			isa = PBXSourcesBuildPhase;
			buildActionMask = 2147483647;
			files = (
				1F29476C1DED833F00A4BBB5 /* AppDelegate.swift in Sources */,
				1F2947C21DEECF8900A4BBB5 /* UIColor-Extension.swift in Sources */,
				1F2947C41DF011C500A4BBB5 /* RecommendViewController.swift in Sources */,
				1F2947AD1DEE96ED00A4BBB5 /* MainTabBarViewController.swift in Sources */,
				1F98503F1DF13D31009595B3 /* AnchorGroup.swift in Sources */,
				1F2947C71DF0191F00A4BBB5 /* CollectionNormalCell.swift in Sources */,
				1F2947CB1DF0193B00A4BBB5 /* CollectionPrettyCell.swift in Sources */,
				1F2947BC1DEEBCD600A4BBB5 /* PageTitleView.swift in Sources */,
				1F2947C01DEECB1E00A4BBB5 /* PageContentView.swift in Sources */,
				1F2947B21DEE98B200A4BBB5 /* HomeViewController.swift in Sources */,
				1F2947CF1DF021AA00A4BBB5 /* CollectionHeaderView.swift in Sources */,
				1F98503C1DF126D0009595B3 /* NSDate-Extension.swift in Sources */,
				1F2947BE1DEEC10300A4BBB5 /* Common.swift in Sources */,
				1F98502F1DF11007009595B3 /* NetworkTools.swift in Sources */,
				1F2947BA1DEEA33000A4BBB5 /* UIBarButtonItem-Extension.swift in Sources */,
				1F98503A1DF11824009595B3 /* RecommendViewModel.swift in Sources */,
				1F9850411DF13F5C009595B3 /* AnchorModel.swift in Sources */,
			);
			runOnlyForDeploymentPostprocessing = 0;
		};
		1F2947781DED833F00A4BBB5 /* Sources */ = {
			isa = PBXSourcesBuildPhase;
			buildActionMask = 2147483647;
			files = (
				1F2947811DED833F00A4BBB5 /* DYTests.swift in Sources */,
			);
			runOnlyForDeploymentPostprocessing = 0;
		};
/* End PBXSourcesBuildPhase section */

/* Begin PBXTargetDependency section */
		1F29477E1DED833F00A4BBB5 /* PBXTargetDependency */ = {
			isa = PBXTargetDependency;
			target = 1F2947671DED833F00A4BBB5 /* DY */;
			targetProxy = 1F29477D1DED833F00A4BBB5 /* PBXContainerItemProxy */;
		};
/* End PBXTargetDependency section */

/* Begin PBXVariantGroup section */
		1F29476F1DED833F00A4BBB5 /* Main.storyboard */ = {
			isa = PBXVariantGroup;
			children = (
				1F2947701DED833F00A4BBB5 /* Base */,
			);
			name = Main.storyboard;
			path = ../../..;
			sourceTree = "<group>";
		};
		1F2947741DED833F00A4BBB5 /* LaunchScreen.storyboard */ = {
			isa = PBXVariantGroup;
			children = (
				1F2947751DED833F00A4BBB5 /* Base */,
			);
			name = LaunchScreen.storyboard;
			sourceTree = "<group>";
		};
		1F2947921DEE7CAD00A4BBB5 /* Home.storyboard */ = {
			isa = PBXVariantGroup;
			children = (
				1F2947931DEE7CAD00A4BBB5 /* Base */,
			);
			name = Home.storyboard;
			path = ../../Main;
			sourceTree = "<group>";
		};
		1F2947971DEE7CF100A4BBB5 /* Follow.storyboard */ = {
			isa = PBXVariantGroup;
			children = (
				1F2947981DEE7CF100A4BBB5 /* Base */,
			);
			name = Follow.storyboard;
			path = ..;
			sourceTree = "<group>";
		};
		1F29479E1DEE929700A4BBB5 /* Live.storyboard */ = {
			isa = PBXVariantGroup;
			children = (
				1F29479F1DEE929700A4BBB5 /* Base */,
			);
			name = Live.storyboard;
			path = ../../Live;
			sourceTree = "<group>";
		};
		1F2947A11DEE929F00A4BBB5 /* Profile.storyboard */ = {
			isa = PBXVariantGroup;
			children = (
				1F2947A21DEE929F00A4BBB5 /* Base */,
			);
			name = Profile.storyboard;
			sourceTree = "<group>";
		};
/* End PBXVariantGroup section */

/* Begin XCBuildConfiguration section */
		1F2947831DED833F00A4BBB5 /* Debug */ = {
			isa = XCBuildConfiguration;
			buildSettings = {
				ALWAYS_SEARCH_USER_PATHS = NO;
				CLANG_ANALYZER_NONNULL = YES;
				CLANG_CXX_LANGUAGE_STANDARD = "gnu++0x";
				CLANG_CXX_LIBRARY = "libc++";
				CLANG_ENABLE_MODULES = YES;
				CLANG_ENABLE_OBJC_ARC = YES;
				CLANG_WARN_BOOL_CONVERSION = YES;
				CLANG_WARN_CONSTANT_CONVERSION = YES;
				CLANG_WARN_DIRECT_OBJC_ISA_USAGE = YES_ERROR;
				CLANG_WARN_DOCUMENTATION_COMMENTS = YES;
				CLANG_WARN_EMPTY_BODY = YES;
				CLANG_WARN_ENUM_CONVERSION = YES;
				CLANG_WARN_INFINITE_RECURSION = YES;
				CLANG_WARN_INT_CONVERSION = YES;
				CLANG_WARN_OBJC_ROOT_CLASS = YES_ERROR;
				CLANG_WARN_SUSPICIOUS_MOVES = YES;
				CLANG_WARN_UNREACHABLE_CODE = YES;
				CLANG_WARN__DUPLICATE_METHOD_MATCH = YES;
				"CODE_SIGN_IDENTITY[sdk=iphoneos*]" = "iPhone Developer";
				COPY_PHASE_STRIP = NO;
				DEBUG_INFORMATION_FORMAT = dwarf;
				ENABLE_STRICT_OBJC_MSGSEND = YES;
				ENABLE_TESTABILITY = YES;
				GCC_C_LANGUAGE_STANDARD = gnu99;
				GCC_DYNAMIC_NO_PIC = NO;
				GCC_NO_COMMON_BLOCKS = YES;
				GCC_OPTIMIZATION_LEVEL = 0;
				GCC_PREPROCESSOR_DEFINITIONS = (
					"DEBUG=1",
					"$(inherited)",
				);
				GCC_WARN_64_TO_32_BIT_CONVERSION = YES;
				GCC_WARN_ABOUT_RETURN_TYPE = YES_ERROR;
				GCC_WARN_UNDECLARED_SELECTOR = YES;
				GCC_WARN_UNINITIALIZED_AUTOS = YES_AGGRESSIVE;
				GCC_WARN_UNUSED_FUNCTION = YES;
				GCC_WARN_UNUSED_VARIABLE = YES;
				IPHONEOS_DEPLOYMENT_TARGET = 10.1;
				MTL_ENABLE_DEBUG_INFO = YES;
				ONLY_ACTIVE_ARCH = YES;
				SDKROOT = iphoneos;
				SWIFT_ACTIVE_COMPILATION_CONDITIONS = DEBUG;
				SWIFT_OPTIMIZATION_LEVEL = "-Onone";
			};
			name = Debug;
		};
		1F2947841DED833F00A4BBB5 /* Release */ = {
			isa = XCBuildConfiguration;
			buildSettings = {
				ALWAYS_SEARCH_USER_PATHS = NO;
				CLANG_ANALYZER_NONNULL = YES;
				CLANG_CXX_LANGUAGE_STANDARD = "gnu++0x";
				CLANG_CXX_LIBRARY = "libc++";
				CLANG_ENABLE_MODULES = YES;
				CLANG_ENABLE_OBJC_ARC = YES;
				CLANG_WARN_BOOL_CONVERSION = YES;
				CLANG_WARN_CONSTANT_CONVERSION = YES;
				CLANG_WARN_DIRECT_OBJC_ISA_USAGE = YES_ERROR;
				CLANG_WARN_DOCUMENTATION_COMMENTS = YES;
				CLANG_WARN_EMPTY_BODY = YES;
				CLANG_WARN_ENUM_CONVERSION = YES;
				CLANG_WARN_INFINITE_RECURSION = YES;
				CLANG_WARN_INT_CONVERSION = YES;
				CLANG_WARN_OBJC_ROOT_CLASS = YES_ERROR;
				CLANG_WARN_SUSPICIOUS_MOVES = YES;
				CLANG_WARN_UNREACHABLE_CODE = YES;
				CLANG_WARN__DUPLICATE_METHOD_MATCH = YES;
				"CODE_SIGN_IDENTITY[sdk=iphoneos*]" = "iPhone Developer";
				COPY_PHASE_STRIP = NO;
				DEBUG_INFORMATION_FORMAT = "dwarf-with-dsym";
				ENABLE_NS_ASSERTIONS = NO;
				ENABLE_STRICT_OBJC_MSGSEND = YES;
				GCC_C_LANGUAGE_STANDARD = gnu99;
				GCC_NO_COMMON_BLOCKS = YES;
				GCC_WARN_64_TO_32_BIT_CONVERSION = YES;
				GCC_WARN_ABOUT_RETURN_TYPE = YES_ERROR;
				GCC_WARN_UNDECLARED_SELECTOR = YES;
				GCC_WARN_UNINITIALIZED_AUTOS = YES_AGGRESSIVE;
				GCC_WARN_UNUSED_FUNCTION = YES;
				GCC_WARN_UNUSED_VARIABLE = YES;
				IPHONEOS_DEPLOYMENT_TARGET = 10.1;
				MTL_ENABLE_DEBUG_INFO = NO;
				SDKROOT = iphoneos;
				SWIFT_OPTIMIZATION_LEVEL = "-Owholemodule";
				VALIDATE_PRODUCT = YES;
			};
			name = Release;
		};
		1F2947861DED833F00A4BBB5 /* Debug */ = {
			isa = XCBuildConfiguration;
			baseConfigurationReference = 9DDAE184DDAA6AAC690BC793 /* Pods-DY.debug.xcconfig */;
			buildSettings = {
				ASSETCATALOG_COMPILER_APPICON_NAME = AppIcon;
				ASSETCATALOG_COMPILER_LAUNCHIMAGE_NAME = LaunchImage;
				DEVELOPMENT_TEAM = "";
				INFOPLIST_FILE = DY/Info.plist;
				IPHONEOS_DEPLOYMENT_TARGET = 9.0;
				LD_RUNPATH_SEARCH_PATHS = "$(inherited) @executable_path/Frameworks";
				PRODUCT_BUNDLE_IDENTIFIER = shiye.com.DY;
				PRODUCT_NAME = "$(TARGET_NAME)";
				SWIFT_VERSION = 3.0;
			};
			name = Debug;
		};
		1F2947871DED833F00A4BBB5 /* Release */ = {
			isa = XCBuildConfiguration;
			baseConfigurationReference = DEBC8B3F37AC5FFFAEDFA696 /* Pods-DY.release.xcconfig */;
			buildSettings = {
				ASSETCATALOG_COMPILER_APPICON_NAME = AppIcon;
				ASSETCATALOG_COMPILER_LAUNCHIMAGE_NAME = LaunchImage;
				DEVELOPMENT_TEAM = "";
				INFOPLIST_FILE = DY/Info.plist;
				IPHONEOS_DEPLOYMENT_TARGET = 9.0;
				LD_RUNPATH_SEARCH_PATHS = "$(inherited) @executable_path/Frameworks";
				PRODUCT_BUNDLE_IDENTIFIER = shiye.com.DY;
				PRODUCT_NAME = "$(TARGET_NAME)";
				SWIFT_VERSION = 3.0;
			};
			name = Release;
		};
		1F2947891DED833F00A4BBB5 /* Debug */ = {
			isa = XCBuildConfiguration;
			buildSettings = {
				ALWAYS_EMBED_SWIFT_STANDARD_LIBRARIES = YES;
				BUNDLE_LOADER = "$(TEST_HOST)";
				INFOPLIST_FILE = DYTests/Info.plist;
				LD_RUNPATH_SEARCH_PATHS = "$(inherited) @executable_path/Frameworks @loader_path/Frameworks";
				PRODUCT_BUNDLE_IDENTIFIER = shiye.com.DYTests;
				PRODUCT_NAME = "$(TARGET_NAME)";
				SWIFT_VERSION = 3.0;
				TEST_HOST = "$(BUILT_PRODUCTS_DIR)/DY.app/DY";
			};
			name = Debug;
		};
		1F29478A1DED833F00A4BBB5 /* Release */ = {
			isa = XCBuildConfiguration;
			buildSettings = {
				ALWAYS_EMBED_SWIFT_STANDARD_LIBRARIES = YES;
				BUNDLE_LOADER = "$(TEST_HOST)";
				INFOPLIST_FILE = DYTests/Info.plist;
				LD_RUNPATH_SEARCH_PATHS = "$(inherited) @executable_path/Frameworks @loader_path/Frameworks";
				PRODUCT_BUNDLE_IDENTIFIER = shiye.com.DYTests;
				PRODUCT_NAME = "$(TARGET_NAME)";
				SWIFT_VERSION = 3.0;
				TEST_HOST = "$(BUILT_PRODUCTS_DIR)/DY.app/DY";
			};
			name = Release;
		};
/* End XCBuildConfiguration section */

/* Begin XCConfigurationList section */
		1F2947631DED833F00A4BBB5 /* Build configuration list for PBXProject "DY" */ = {
			isa = XCConfigurationList;
			buildConfigurations = (
				1F2947831DED833F00A4BBB5 /* Debug */,
				1F2947841DED833F00A4BBB5 /* Release */,
			);
			defaultConfigurationIsVisible = 0;
			defaultConfigurationName = Release;
		};
		1F2947851DED833F00A4BBB5 /* Build configuration list for PBXNativeTarget "DY" */ = {
			isa = XCConfigurationList;
			buildConfigurations = (
				1F2947861DED833F00A4BBB5 /* Debug */,
				1F2947871DED833F00A4BBB5 /* Release */,
			);
			defaultConfigurationIsVisible = 0;
			defaultConfigurationName = Release;
		};
		1F2947881DED833F00A4BBB5 /* Build configuration list for PBXNativeTarget "DYTests" */ = {
			isa = XCConfigurationList;
			buildConfigurations = (
				1F2947891DED833F00A4BBB5 /* Debug */,
				1F29478A1DED833F00A4BBB5 /* Release */,
			);
			defaultConfigurationIsVisible = 0;
			defaultConfigurationName = Release;
		};
/* End XCConfigurationList section */
	};
	rootObject = 1F2947601DED833F00A4BBB5 /* Project object */;
}
